
Microsoft Visual Studio Solution File, Format Version 12.00
# Visual Studio Version 16
VisualStudioVersion = 16.0.32929.386
MinimumVisualStudioVersion = 10.0.40219.1
Project("{FAE04EC0-301F-11D3-BF4B-00C04F79EFBC}") = "SBOAddonProject2", "SBOAddonProject2\SBOAddonProject2.csproj", "{6B36E6CB-3E7D-4F7E-A171-1CB81339C011}"
EndProject
Global
	GlobalSection(SolutionConfigurationPlatforms) = preSolution
		Debug|Any CPU = Debug|Any CPU
		Release|Any CPU = Release|Any CPU
	EndGlobalSection
	GlobalSection(ProjectConfigurationPlatforms) = postSolution
		{6B36E6CB-3E7D-4F7E-A171-1CB81339C011}.Debug|Any CPU.ActiveCfg = Debug|Any CPU
		{6B36E6CB-3E7D-4F7E-A171-1CB81339C011}.Debug|Any CPU.Build.0 = Debug|Any CPU
		{6B36E6CB-3E7D-4F7E-A171-1CB81339C011}.Release|Any CPU.ActiveCfg = Release|Any CPU
		{6B36E6CB-3E7D-4F7E-A171-1CB81339C011}.Release|Any CPU.Build.0 = Release|Any CPU
	EndGlobalSection
	GlobalSection(SolutionProperties) = preSolution
		HideSolutionNode = FALSE
	EndGlobalSection
	GlobalSection(ExtensibilityGlobals) = postSolution
		SolutionGuid = {AA6299A5-D31D-4E3C-B246-E472CF1D0CA6}
	EndGlobalSection
EndGlobal
